
Microsoft Visual Studio Solution File, Format Version 12.00
# Visual Studio Version 17
VisualStudioVersion = 17.6.33801.468
MinimumVisualStudioVersion = 10.0.40219.1
Project("{9A19103F-16F7-4668-BE54-9A1E7A4F7556}") = "UnitTestExampleMVC.Web", "UnitTestExampleMVC.Web\UnitTestExampleMVC.Web.csproj", "{400D1F17-17AB-4030-8B34-005682C04C7C}"
EndProject
Project("{FAE04EC0-301F-11D3-BF4B-00C04F79EFBC}") = "UnitTestExampleMVC.Test", "UnitTestExampleMVC.Test\UnitTestExampleMVC.Test.csproj", "{719D96B3-4C3F-4A33-9988-C10F5092AA0A}"
EndProject
Global
	GlobalSection(SolutionConfigurationPlatforms) = preSolution
		Debug|Any CPU = Debug|Any CPU
		Release|Any CPU = Release|Any CPU
	EndGlobalSection
	GlobalSection(ProjectConfigurationPlatforms) = postSolution
		{400D1F17-17AB-4030-8B34-005682C04C7C}.Debug|Any CPU.ActiveCfg = Debug|Any CPU
		{400D1F17-17AB-4030-8B34-005682C04C7C}.Debug|Any CPU.Build.0 = Debug|Any CPU
		{400D1F17-17AB-4030-8B34-005682C04C7C}.Release|Any CPU.ActiveCfg = Release|Any CPU
		{400D1F17-17AB-4030-8B34-005682C04C7C}.Release|Any CPU.Build.0 = Release|Any CPU
		{719D96B3-4C3F-4A33-9988-C10F5092AA0A}.Debug|Any CPU.ActiveCfg = Debug|Any CPU
		{719D96B3-4C3F-4A33-9988-C10F5092AA0A}.Debug|Any CPU.Build.0 = Debug|Any CPU
		{719D96B3-4C3F-4A33-9988-C10F5092AA0A}.Release|Any CPU.ActiveCfg = Release|Any CPU
		{719D96B3-4C3F-4A33-9988-C10F5092AA0A}.Release|Any CPU.Build.0 = Release|Any CPU
	EndGlobalSection
	GlobalSection(SolutionProperties) = preSolution
		HideSolutionNode = FALSE
	EndGlobalSection
	GlobalSection(ExtensibilityGlobals) = postSolution
		SolutionGuid = {10EC369C-61B3-4741-A4F7-49DEA1BC90B4}
	EndGlobalSection
EndGlobal
